
Microsoft Visual Studio Solution File, Format Version 12.00
# Visual Studio 15
VisualStudioVersion = 15.0.27703.2047
MinimumVisualStudioVersion = 10.0.40219.1
Project("{8BC9CEB8-8B4A-11D0-8D11-00A0C91BC942}") = "类的构造和析构", "类的构造和析构\类的构造和析构.vcxproj", "{4195AEE9-17AF-42ED-BC58-5A05FAC2516F}"
EndProject
Global
	GlobalSection(SolutionConfigurationPlatforms) = preSolution
		Debug|x64 = Debug|x64
		Debug|x86 = Debug|x86
		Release|x64 = Release|x64
		Release|x86 = Release|x86
	EndGlobalSection
	GlobalSection(ProjectConfigurationPlatforms) = postSolution
		{4195AEE9-17AF-42ED-BC58-5A05FAC2516F}.Debug|x64.ActiveCfg = Debug|x64
		{4195AEE9-17AF-42ED-BC58-5A05FAC2516F}.Debug|x64.Build.0 = Debug|x64
		{4195AEE9-17AF-42ED-BC58-5A05FAC2516F}.Debug|x86.ActiveCfg = Debug|Win32
		{4195AEE9-17AF-42ED-BC58-5A05FAC2516F}.Debug|x86.Build.0 = Debug|Win32
		{4195AEE9-17AF-42ED-BC58-5A05FAC2516F}.Release|x64.ActiveCfg = Release|x64
		{4195AEE9-17AF-42ED-BC58-5A05FAC2516F}.Release|x64.Build.0 = Release|x64
		{4195AEE9-17AF-42ED-BC58-5A05FAC2516F}.Release|x86.ActiveCfg = Release|Win32
		{4195AEE9-17AF-42ED-BC58-5A05FAC2516F}.Release|x86.Build.0 = Release|Win32
	EndGlobalSection
	GlobalSection(SolutionProperties) = preSolution
		HideSolutionNode = FALSE
	EndGlobalSection
	GlobalSection(ExtensibilityGlobals) = postSolution
		SolutionGuid = {2B95E2FF-C477-4D41-9402-AF44835AA2E1}
	EndGlobalSection
EndGlobal
